<?xml version="1.0" encoding="utf-8"?>
<Project ToolsVersion="4.0" xmlns="http://schemas.microsoft.com/developer/msbuild/2003">
  <ItemGroup>
    <Filter Include="소스 파일">
      <UniqueIdentifier>{4FC737F1-C7A5-4376-A066-2A32D752A2FF}</UniqueIdentifier>
      <Extensions>cpp;c;cc;cxx;def;odl;idl;hpj;bat;asm;asmx</Extensions>
    </Filter>
    <Filter Include="리소스 파일">
      <UniqueIdentifier>{67DA6AB6-F800-4c08-8B7A-83BB121AAD01}</UniqueIdentifier>
      <Extensions>rc;ico;cur;bmp;dlg;rc2;rct;bin;rgs;gif;jpg;jpeg;jpe;resx;tiff;tif;png;wav;mfcribbon-ms</Extensions>
    </Filter>
    <Filter Include="소스 파일\Scene">
      <UniqueIdentifier>{3e74d8dd-6ead-42be-b3f1-5e557335e079}</UniqueIdentifier>
    </Filter>
    <Filter Include="소스 파일\CoreSystem">
      <UniqueIdentifier>{495ee428-05e7-411a-a2cf-d86ab452bdf0}</UniqueIdentifier>
    </Filter>
    <Filter Include="헤더 파일">
      <UniqueIdentifier>{93995380-89BD-4b04-88EB-625FBE52EBFB}</UniqueIdentifier>
      <Extensions>h;hh;hpp;hxx;hm;inl;inc;xsd</Extensions>
    </Filter>
    <Filter Include="소스 파일\ObjectClass">
      <UniqueIdentifier>{f862edab-2bac-4794-9f19-e9508c21be9e}</UniqueIdentifier>
    </Filter>
    <Filter Include="소스 파일\Scene\EndlessModeScene">
      <UniqueIdentifier>{189710a1-3218-4eb2-a77a-a4608a7c4220}</UniqueIdentifier>
    </Filter>
    <Filter Include="소스 파일\ObjectClass\Bullet">
      <UniqueIdentifier>{ce4ae014-2e4d-4073-b9d3-35fcd5786fab}</UniqueIdentifier>
    </Filter>
    <Filter Include="소스 파일\CoreSystem\Manager">
      <UniqueIdentifier>{90b45f20-d73e-471c-8477-f1ae9e6a5b4e}</UniqueIdentifier>
    </Filter>
    <Filter Include="소스 파일\ObjectClass\Enemy">
      <UniqueIdentifier>{484d509d-01ba-4cfe-9ddb-64a35efbf56f}</UniqueIdentifier>
    </Filter>
    <Filter Include="소스 파일\ObjectClass\Enemy\EnemyManager">
      <UniqueIdentifier>{3bc2d4a0-5d76-49e2-98f4-aec219f09cb7}</UniqueIdentifier>
    </Filter>
    <Filter Include="소스 파일\ObjectClass\Bullet\BulletManager">
      <UniqueIdentifier>{25288274-50b6-4369-87f0-cb263bf85378}</UniqueIdentifier>
    </Filter>
    <Filter Include="소스 파일\ObjectClass\Effect">
      <UniqueIdentifier>{d8e1a27c-85a8-4ffa-9ca0-4cb9f551b9cd}</UniqueIdentifier>
    </Filter>
    <Filter Include="소스 파일\ObjectClass\Effect\EffectManager">
      <UniqueIdentifier>{65ddf583-74c8-473a-8236-d5d220918048}</UniqueIdentifier>
    </Filter>
    <Filter Include="소스 파일\Scene\MenuScene">
      <UniqueIdentifier>{10749705-1799-4f4c-bc9e-8cc65ea16216}</UniqueIdentifier>
    </Filter>
    <Filter Include="소스 파일\Scene\Stage01Scene">
      <UniqueIdentifier>{35cbcf39-68c9-421f-84d9-d0a5fae9c115}</UniqueIdentifier>
    </Filter>
    <Filter Include="소스 파일\CoreSystem\CoreEngine">
      <UniqueIdentifier>{645ab1dd-4562-4b8a-a797-bbd1f106b6b3}</UniqueIdentifier>
    </Filter>
    <Filter Include="소스 파일\Scene\0_SceneBase">
      <UniqueIdentifier>{fa940a5f-2832-4cda-871f-762b906c44b1}</UniqueIdentifier>
    </Filter>
    <Filter Include="소스 파일\ObjectClass\0_ObjectBase">
      <UniqueIdentifier>{809b578b-4cc6-4bde-9dfe-cf03de25d073}</UniqueIdentifier>
    </Filter>
    <Filter Include="소스 파일\ObjectClass\1_ImageObject">
      <UniqueIdentifier>{31b02fa4-2aed-47eb-a213-318616780600}</UniqueIdentifier>
    </Filter>
    <Filter Include="소스 파일\Scene\1_GameSceneBase">
      <UniqueIdentifier>{d4c56a1f-0987-470d-aa37-db4bc5089f5a}</UniqueIdentifier>
    </Filter>
    <Filter Include="소스 파일\Scene\NiLScene">
      <UniqueIdentifier>{1bccd5de-971b-48f0-962f-392138e6497e}</UniqueIdentifier>
    </Filter>
    <Filter Include="소스 파일\Scene\GameOver">
      <UniqueIdentifier>{ce73c202-a881-49f0-8af0-4b605060d74d}</UniqueIdentifier>
    </Filter>
    <Filter Include="소스 파일\ObjectClass\3_ButtonObject">
      <UniqueIdentifier>{49cdd5b2-77db-4764-959d-3ead89e78093}</UniqueIdentifier>
    </Filter>
    <Filter Include="소스 파일\Scene\OptionScene">
      <UniqueIdentifier>{c4454c45-8c18-4b69-b93d-2f52a2270cdb}</UniqueIdentifier>
    </Filter>
    <Filter Include="소스 파일\Scene\IntroScene">
      <UniqueIdentifier>{66b381f4-124e-4e07-9dbe-4786f4bff776}</UniqueIdentifier>
    </Filter>
    <Filter Include="소스 파일\ObjectClass\2_TextObject">
      <UniqueIdentifier>{85b698e5-d7ea-4b2c-a74a-2d9777d16a80}</UniqueIdentifier>
    </Filter>
    <Filter Include="소스 파일\ObjectClass\Enemy\01">
      <UniqueIdentifier>{1d7f5255-c546-4e82-9fc4-cbc7b940497c}</UniqueIdentifier>
    </Filter>
    <Filter Include="소스 파일\Scene\CrazyScene">
      <UniqueIdentifier>{64599c8e-030b-4798-9a7e-1ab232c606c3}</UniqueIdentifier>
    </Filter>
  </ItemGroup>
  <ItemGroup>
    <ClCompile Include="winMain.cpp">
      <Filter>소스 파일\CoreSystem</Filter>
    </ClCompile>
    <ClCompile Include="WndSystem.cpp">
      <Filter>소스 파일\CoreSystem</Filter>
    </ClCompile>
    <ClCompile Include="BaseWindow.cpp">
      <Filter>소스 파일\CoreSystem</Filter>
    </ClCompile>
    <ClCompile Include="BaseScene.cpp">
      <Filter>소스 파일\Scene\0_SceneBase</Filter>
    </ClCompile>
    <ClCompile Include="SceneNULL.cpp">
      <Filter>소스 파일\Scene\0_SceneBase</Filter>
    </ClCompile>
    <ClCompile Include="Matrix.cpp">
      <Filter>소스 파일\CoreSystem\CoreEngine</Filter>
    </ClCompile>
    <ClCompile Include="Vertex.cpp">
      <Filter>소스 파일\CoreSystem\CoreEngine</Filter>
    </ClCompile>
    <ClCompile Include="Vector.cpp">
      <Filter>소스 파일\CoreSystem\CoreEngine</Filter>
    </ClCompile>
    <ClCompile Include="BaseRender.cpp">
      <Filter>소스 파일\ObjectClass\0_ObjectBase</Filter>
    </ClCompile>
    <ClCompile Include="BaseObject.cpp">
      <Filter>소스 파일\ObjectClass\0_ObjectBase</Filter>
    </ClCompile>
    <ClCompile Include="EndlessModeScene.cpp">
      <Filter>소스 파일\Scene\EndlessModeScene</Filter>
    </ClCompile>
    <ClCompile Include="Player.cpp">
      <Filter>소스 파일\ObjectClass</Filter>
    </ClCompile>
    <ClCompile Include="TimeManager.cpp">
      <Filter>소스 파일\CoreSystem\Manager</Filter>
    </ClCompile>
    <ClCompile Include="InputManager.cpp">
      <Filter>소스 파일\CoreSystem\Manager</Filter>
    </ClCompile>
    <ClCompile Include="EnemyBase.cpp">
      <Filter>소스 파일\ObjectClass\Enemy\EnemyManager</Filter>
    </ClCompile>
    <ClCompile Include="BulletStraight.cpp">
      <Filter>소스 파일\ObjectClass\Bullet</Filter>
    </ClCompile>
    <ClCompile Include="BulletBase.cpp">
      <Filter>소스 파일\ObjectClass\Bullet\BulletManager</Filter>
    </ClCompile>
    <ClCompile Include="EnemyManager.cpp">
      <Filter>소스 파일\ObjectClass\Enemy\EnemyManager</Filter>
    </ClCompile>
    <ClCompile Include="Timer.cpp">
      <Filter>소스 파일\CoreSystem\Manager</Filter>
    </ClCompile>
    <ClCompile Include="EffectManager.cpp">
      <Filter>소스 파일\ObjectClass\Effect\EffectManager</Filter>
    </ClCompile>
    <ClCompile Include="VFXBase.cpp">
      <Filter>소스 파일\ObjectClass\Effect\EffectManager</Filter>
    </ClCompile>
    <ClCompile Include="DestroyFX.cpp">
      <Filter>소스 파일\ObjectClass\Effect</Filter>
    </ClCompile>
    <ClCompile Include="ShellFX.cpp">
      <Filter>소스 파일\ObjectClass\Effect</Filter>
    </ClCompile>
    <ClCompile Include="BulletManager.cpp">
      <Filter>소스 파일\ObjectClass\Bullet\BulletManager</Filter>
    </ClCompile>
    <ClCompile Include="TearFX.cpp">
      <Filter>소스 파일\ObjectClass\Effect</Filter>
    </ClCompile>
    <ClCompile Include="TearElement.cpp">
      <Filter>소스 파일\ObjectClass\Effect</Filter>
    </ClCompile>
    <ClCompile Include="MenuScene.cpp">
      <Filter>소스 파일\Scene\MenuScene</Filter>
    </ClCompile>
    <ClCompile Include="Gdi.cpp">
      <Filter>소스 파일\CoreSystem\Manager</Filter>
    </ClCompile>
    <ClCompile Include="Text.cpp">
      <Filter>소스 파일\ObjectClass\2_TextObject</Filter>
    </ClCompile>
    <ClCompile Include="ImageObject.cpp">
      <Filter>소스 파일\ObjectClass\1_ImageObject</Filter>
    </ClCompile>
    <ClCompile Include="Stage01Scene.cpp">
      <Filter>소스 파일\Scene\Stage01Scene</Filter>
    </ClCompile>
    <ClCompile Include="GameSceneBase.cpp">
      <Filter>소스 파일\Scene\1_GameSceneBase</Filter>
    </ClCompile>
    <ClCompile Include="SoundManager.cpp">
      <Filter>소스 파일\CoreSystem\Manager</Filter>
    </ClCompile>
    <ClCompile Include="EnemyComingRectangle.cpp">
      <Filter>소스 파일\ObjectClass\Enemy\01</Filter>
    </ClCompile>
    <ClCompile Include="EnemyRotatingRectangle.cpp">
      <Filter>소스 파일\ObjectClass\Enemy\01</Filter>
    </ClCompile>
    <ClCompile Include="EnemyRotatingTwoTriangleUp.cpp">
      <Filter>소스 파일\ObjectClass\Enemy\01</Filter>
    </ClCompile>
    <ClCompile Include="EnemyRotatingTwoTriangleDown.cpp">
      <Filter>소스 파일\ObjectClass\Enemy\01</Filter>
    </ClCompile>
    <ClCompile Include="EnemyRotatingTriangleHavingShield.cpp">
      <Filter>소스 파일\ObjectClass\Enemy\01</Filter>
    </ClCompile>
    <ClCompile Include="EnemyRotatingTriangleShield.cpp">
      <Filter>소스 파일\ObjectClass\Enemy\01</Filter>
    </ClCompile>
    <ClCompile Include="NILScene.cpp">
      <Filter>소스 파일\Scene\NiLScene</Filter>
    </ClCompile>
    <ClCompile Include="GameoverScene.cpp">
      <Filter>소스 파일\Scene\GameOver</Filter>
    </ClCompile>
    <ClCompile Include="AfterimageFX.cpp">
      <Filter>소스 파일\ObjectClass\Effect</Filter>
    </ClCompile>
    <ClCompile Include="ButtonObject.cpp">
      <Filter>소스 파일\ObjectClass\3_ButtonObject</Filter>
    </ClCompile>
    <ClCompile Include="OptionScene.cpp">
      <Filter>소스 파일\Scene\OptionScene</Filter>
    </ClCompile>
    <ClCompile Include="IntroScene.cpp">
      <Filter>소스 파일\Scene\IntroScene</Filter>
    </ClCompile>
    <ClCompile Include="EnemyComingFastSpear.cpp">
      <Filter>소스 파일\ObjectClass\Enemy\01</Filter>
    </ClCompile>
    <ClCompile Include="EnemyCorpsBossRectangle.cpp">
      <Filter>소스 파일\ObjectClass\Enemy\01</Filter>
    </ClCompile>
    <ClCompile Include="EnemyCorpsMiniRectangle.cpp">
      <Filter>소스 파일\ObjectClass\Enemy\01</Filter>
    </ClCompile>
    <ClCompile Include="EnemyHalfSegment.cpp">
      <Filter>소스 파일\ObjectClass\Enemy\01</Filter>
    </ClCompile>
    <ClCompile Include="EnemySwirlingPentagon.cpp">
      <Filter>소스 파일\ObjectClass\Enemy\01</Filter>
    </ClCompile>
    <ClCompile Include="CrazyScene.cpp">
      <Filter>소스 파일\Scene\CrazyScene</Filter>
    </ClCompile>
    <ClCompile Include="BulletGuided.cpp">
      <Filter>소스 파일\ObjectClass\Bullet</Filter>
    </ClCompile>
    <ClCompile Include="BulletReflection.cpp">
      <Filter>소스 파일\ObjectClass\Bullet</Filter>
    </ClCompile>
    <ClCompile Include="BulletSprinkle.cpp">
      <Filter>소스 파일\ObjectClass\Bullet</Filter>
    </ClCompile>
    <ClCompile Include="BulletLaser.cpp">
      <Filter>소스 파일\ObjectClass\Bullet</Filter>
    </ClCompile>
    <ClCompile Include="BulletBomb.cpp">
      <Filter>소스 파일\ObjectClass\Bullet</Filter>
    </ClCompile>
    <ClCompile Include="EffectLineFX.cpp">
      <Filter>소스 파일\ObjectClass\Effect</Filter>
    </ClCompile>
    <ClCompile Include="RedLineFX.cpp">
      <Filter>소스 파일\ObjectClass\Effect</Filter>
    </ClCompile>
    <ClCompile Include="RedZoneFX.cpp">
      <Filter>소스 파일\ObjectClass\Effect</Filter>
    </ClCompile>
    <ClCompile Include="CSupporter.cpp">
      <Filter>소스 파일\ObjectClass</Filter>
    </ClCompile>
  </ItemGroup>
  <ItemGroup>
    <ClInclude Include="stdafx.h">
      <Filter>헤더 파일</Filter>
    </ClInclude>
    <ClInclude Include="WndSystem.h">
      <Filter>소스 파일\CoreSystem</Filter>
    </ClInclude>
    <ClInclude Include="BaseWindow.h">
      <Filter>소스 파일\CoreSystem</Filter>
    </ClInclude>
    <ClInclude Include="BaseScene.h">
      <Filter>소스 파일\Scene\0_SceneBase</Filter>
    </ClInclude>
    <ClInclude Include="IProcess.h">
      <Filter>소스 파일\Scene\0_SceneBase</Filter>
    </ClInclude>
    <ClInclude Include="SceneNULL.h">
      <Filter>소스 파일\Scene\0_SceneBase</Filter>
    </ClInclude>
    <ClInclude Include="Matrix.h">
      <Filter>소스 파일\CoreSystem\CoreEngine</Filter>
    </ClInclude>
    <ClInclude Include="Vertex.h">
      <Filter>소스 파일\CoreSystem\CoreEngine</Filter>
    </ClInclude>
    <ClInclude Include="Vector.h">
      <Filter>소스 파일\CoreSystem\CoreEngine</Filter>
    </ClInclude>
    <ClInclude Include="BaseRender.h">
      <Filter>소스 파일\ObjectClass\0_ObjectBase</Filter>
    </ClInclude>
    <ClInclude Include="BaseObject.h">
      <Filter>소스 파일\ObjectClass\0_ObjectBase</Filter>
    </ClInclude>
    <ClInclude Include="EndlessModeScene.h">
      <Filter>소스 파일\Scene\EndlessModeScene</Filter>
    </ClInclude>
    <ClInclude Include="Player.h">
      <Filter>소스 파일\ObjectClass</Filter>
    </ClInclude>
    <ClInclude Include="TimeManager.h">
      <Filter>소스 파일\CoreSystem\Manager</Filter>
    </ClInclude>
    <ClInclude Include="InputManager.h">
      <Filter>소스 파일\CoreSystem\Manager</Filter>
    </ClInclude>
    <ClInclude Include="EnemyBase.h">
      <Filter>소스 파일\ObjectClass\Enemy\EnemyManager</Filter>
    </ClInclude>
    <ClInclude Include="BulletStraight.h">
      <Filter>소스 파일\ObjectClass\Bullet</Filter>
    </ClInclude>
    <ClInclude Include="BulletBase.h">
      <Filter>소스 파일\ObjectClass\Bullet\BulletManager</Filter>
    </ClInclude>
    <ClInclude Include="EnemyManager.h">
      <Filter>소스 파일\ObjectClass\Enemy\EnemyManager</Filter>
    </ClInclude>
    <ClInclude Include="Timer.h">
      <Filter>소스 파일\CoreSystem\Manager</Filter>
    </ClInclude>
    <ClInclude Include="EffectManager.h">
      <Filter>소스 파일\ObjectClass\Effect\EffectManager</Filter>
    </ClInclude>
    <ClInclude Include="VFXBase.h">
      <Filter>소스 파일\ObjectClass\Effect\EffectManager</Filter>
    </ClInclude>
    <ClInclude Include="DestroyFX.h">
      <Filter>소스 파일\ObjectClass\Effect</Filter>
    </ClInclude>
    <ClInclude Include="ShellFX.h">
      <Filter>소스 파일\ObjectClass\Effect</Filter>
    </ClInclude>
    <ClInclude Include="BulletManager.h">
      <Filter>소스 파일\ObjectClass\Bullet\BulletManager</Filter>
    </ClInclude>
    <ClInclude Include="TearFX.h">
      <Filter>소스 파일\ObjectClass\Effect</Filter>
    </ClInclude>
    <ClInclude Include="TearElement.h">
      <Filter>소스 파일\ObjectClass\Effect</Filter>
    </ClInclude>
    <ClInclude Include="MenuScene.h">
      <Filter>소스 파일\Scene\MenuScene</Filter>
    </ClInclude>
    <ClInclude Include="Gdi.h">
      <Filter>소스 파일\CoreSystem\Manager</Filter>
    </ClInclude>
    <ClInclude Include="Text.h">
      <Filter>소스 파일\ObjectClass\2_TextObject</Filter>
    </ClInclude>
    <ClInclude Include="ImageObject.h">
      <Filter>소스 파일\ObjectClass\1_ImageObject</Filter>
    </ClInclude>
    <ClInclude Include="Stage01Scene.h">
      <Filter>소스 파일\Scene\Stage01Scene</Filter>
    </ClInclude>
    <ClInclude Include="GameSceneBase.h">
      <Filter>소스 파일\Scene\1_GameSceneBase</Filter>
    </ClInclude>
    <ClInclude Include="SoundManager.h">
      <Filter>소스 파일\CoreSystem\Manager</Filter>
    </ClInclude>
    <ClInclude Include="EnemyComingRectangle.h">
      <Filter>소스 파일\ObjectClass\Enemy\01</Filter>
    </ClInclude>
    <ClInclude Include="EnemyRotatingRectangle.h">
      <Filter>소스 파일\ObjectClass\Enemy\01</Filter>
    </ClInclude>
    <ClInclude Include="EnemyRotatingTwoTriangleDown.h">
      <Filter>소스 파일\ObjectClass\Enemy\01</Filter>
    </ClInclude>
    <ClInclude Include="EnemyRotatingTwoTriangleUp.h">
      <Filter>소스 파일\ObjectClass\Enemy\01</Filter>
    </ClInclude>
    <ClInclude Include="EnemyRotatingTriangleShield.h">
      <Filter>소스 파일\ObjectClass\Enemy\01</Filter>
    </ClInclude>
    <ClInclude Include="EnemyRotatingTriangleHavingShield.h">
      <Filter>소스 파일\ObjectClass\Enemy\01</Filter>
    </ClInclude>
    <ClInclude Include="NILScene.h">
      <Filter>소스 파일\Scene\NiLScene</Filter>
    </ClInclude>
    <ClInclude Include="GameoverScene.h">
      <Filter>소스 파일\Scene\GameOver</Filter>
    </ClInclude>
    <ClInclude Include="AfterimageFX.h">
      <Filter>소스 파일\ObjectClass\Effect</Filter>
    </ClInclude>
    <ClInclude Include="ButtonObject.h">
      <Filter>소스 파일\ObjectClass\3_ButtonObject</Filter>
    </ClInclude>
    <ClInclude Include="OptionScene.h">
      <Filter>소스 파일\Scene\OptionScene</Filter>
    </ClInclude>
    <ClInclude Include="IntroScene.h">
      <Filter>소스 파일\Scene\IntroScene</Filter>
    </ClInclude>
    <ClInclude Include="EnemyComingFastSpear.h">
      <Filter>소스 파일\ObjectClass\Enemy\01</Filter>
    </ClInclude>
    <ClInclude Include="EnemyCorpsMiniRectangle.h">
      <Filter>소스 파일\ObjectClass\Enemy\01</Filter>
    </ClInclude>
    <ClInclude Include="EnemySwirlingPentagon.h">
      <Filter>소스 파일\ObjectClass\Enemy\01</Filter>
    </ClInclude>
    <ClInclude Include="EnemyHalfSegment.h">
      <Filter>소스 파일\ObjectClass\Enemy\01</Filter>
    </ClInclude>
    <ClInclude Include="EnemyCorpsBossRectangle.h">
      <Filter>소스 파일\ObjectClass\Enemy\01</Filter>
    </ClInclude>
    <ClInclude Include="CrazyScene.h">
      <Filter>소스 파일\Scene\CrazyScene</Filter>
    </ClInclude>
    <ClInclude Include="BulletGuided.h">
      <Filter>소스 파일\ObjectClass\Bullet</Filter>
    </ClInclude>
    <ClInclude Include="BulletReflection.h">
      <Filter>소스 파일\ObjectClass\Bullet</Filter>
    </ClInclude>
    <ClInclude Include="BulletSprinkle.h">
      <Filter>소스 파일\ObjectClass\Bullet</Filter>
    </ClInclude>
    <ClInclude Include="BulletLaser.h">
      <Filter>소스 파일\ObjectClass\Bullet</Filter>
    </ClInclude>
    <ClInclude Include="BulletBomb.h">
      <Filter>소스 파일\ObjectClass\Bullet</Filter>
    </ClInclude>
    <ClInclude Include="EffectLineFX.h">
      <Filter>소스 파일\ObjectClass\Effect</Filter>
    </ClInclude>
    <ClInclude Include="RedLineFX.h">
      <Filter>소스 파일\ObjectClass\Effect</Filter>
    </ClInclude>
    <ClInclude Include="RedZoneFX.h">
      <Filter>소스 파일\ObjectClass\Effect</Filter>
    </ClInclude>
    <ClInclude Include="CSupporter.h">
      <Filter>소스 파일\ObjectClass</Filter>
    </ClInclude>
  </ItemGroup>
</Project>